// !$*UTF8*$!
{
	archiveVersion = 1;
	classes = {
	};
	objectVersion = 48;
	objects = {

/* Begin PBXBuildFile section */
		A0A223E821A411790084264B /* ProductionCompaniesDTO.swift in Sources */ = {isa = PBXBuildFile; fileRef = A0A223E721A411790084264B /* ProductionCompaniesDTO.swift */; };
		A0A223EA21A41A2A0084264B /* MovieInfoDTO.swift in Sources */ = {isa = PBXBuildFile; fileRef = A0A223E921A41A2A0084264B /* MovieInfoDTO.swift */; };
		A0A223EC21A41BD70084264B /* GenresDTO.swift in Sources */ = {isa = PBXBuildFile; fileRef = A0A223EB21A41BD70084264B /* GenresDTO.swift */; };
		A0BDC71E21A08B6500ABCE6B /* ViewController.swift in Sources */ = {isa = PBXBuildFile; fileRef = A0BDC71D21A08B6500ABCE6B /* ViewController.swift */; };
		A0BDC72021A08B9F00ABCE6B /* WebService.swift in Sources */ = {isa = PBXBuildFile; fileRef = A0BDC71F21A08B9E00ABCE6B /* WebService.swift */; };
		A0E9884F21A2E7900062BBA7 /* FilmDetail.swift in Sources */ = {isa = PBXBuildFile; fileRef = A0E9884E21A2E78F0062BBA7 /* FilmDetail.swift */; };
		A0E9885121A2E8F40062BBA7 /* CompaniesCell.swift in Sources */ = {isa = PBXBuildFile; fileRef = A0E9885021A2E8F40062BBA7 /* CompaniesCell.swift */; };
		A0F6B30921920A1200DC15C4 /* AppDelegate.swift in Sources */ = {isa = PBXBuildFile; fileRef = A0F6B30821920A1200DC15C4 /* AppDelegate.swift */; };
		A0F6B30E21920A1200DC15C4 /* Main.storyboard in Resources */ = {isa = PBXBuildFile; fileRef = A0F6B30C21920A1200DC15C4 /* Main.storyboard */; };
		A0F6B31021920A1200DC15C4 /* Assets.xcassets in Resources */ = {isa = PBXBuildFile; fileRef = A0F6B30F21920A1200DC15C4 /* Assets.xcassets */; };
		A0F6B31321920A1200DC15C4 /* LaunchScreen.storyboard in Resources */ = {isa = PBXBuildFile; fileRef = A0F6B31121920A1200DC15C4 /* LaunchScreen.storyboard */; };
		A0F6B31D21920A6300DC15C4 /* MovieDTO.swift in Sources */ = {isa = PBXBuildFile; fileRef = A0F6B31C21920A6200DC15C4 /* MovieDTO.swift */; };
		A0F6B31F21920A7400DC15C4 /* DiscoverMovieResultsDTO.swift in Sources */ = {isa = PBXBuildFile; fileRef = A0F6B31E21920A7400DC15C4 /* DiscoverMovieResultsDTO.swift */; };
		A0F6B32321920A9C00DC15C4 /* FilmMainCell.swift in Sources */ = {isa = PBXBuildFile; fileRef = A0F6B32221920A9C00DC15C4 /* FilmMainCell.swift */; };
		BC09C556331BBF063E3E2F8D /* Pods_Web_Service_Mapper.framework in Frameworks */ = {isa = PBXBuildFile; fileRef = 3F94CBC5A02C52F16CBF4662 /* Pods_Web_Service_Mapper.framework */; };
/* End PBXBuildFile section */

/* Begin PBXFileReference section */
		3F94CBC5A02C52F16CBF4662 /* Pods_Web_Service_Mapper.framework */ = {isa = PBXFileReference; explicitFileType = wrapper.framework; includeInIndex = 0; path = Pods_Web_Service_Mapper.framework; sourceTree = BUILT_PRODUCTS_DIR; };
		558B51AC4DB67997E91519C9 /* Pods-Web Service Mapper.debug.xcconfig */ = {isa = PBXFileReference; includeInIndex = 1; lastKnownFileType = text.xcconfig; name = "Pods-Web Service Mapper.debug.xcconfig"; path = "Pods/Target Support Files/Pods-Web Service Mapper/Pods-Web Service Mapper.debug.xcconfig"; sourceTree = "<group>"; };
		9D173DAE8885D75F17FC2019 /* Pods-Web Service Mapper.release.xcconfig */ = {isa = PBXFileReference; includeInIndex = 1; lastKnownFileType = text.xcconfig; name = "Pods-Web Service Mapper.release.xcconfig"; path = "Pods/Target Support Files/Pods-Web Service Mapper/Pods-Web Service Mapper.release.xcconfig"; sourceTree = "<group>"; };
		A0A223E721A411790084264B /* ProductionCompaniesDTO.swift */ = {isa = PBXFileReference; lastKnownFileType = sourcecode.swift; path = ProductionCompaniesDTO.swift; sourceTree = "<group>"; };
		A0A223E921A41A2A0084264B /* MovieInfoDTO.swift */ = {isa = PBXFileReference; lastKnownFileType = sourcecode.swift; path = MovieInfoDTO.swift; sourceTree = "<group>"; };
		A0A223EB21A41BD70084264B /* GenresDTO.swift */ = {isa = PBXFileReference; lastKnownFileType = sourcecode.swift; path = GenresDTO.swift; sourceTree = "<group>"; };
		A0BDC71D21A08B6500ABCE6B /* ViewController.swift */ = {isa = PBXFileReference; fileEncoding = 4; lastKnownFileType = sourcecode.swift; path = ViewController.swift; sourceTree = "<group>"; };
		A0BDC71F21A08B9E00ABCE6B /* WebService.swift */ = {isa = PBXFileReference; fileEncoding = 4; lastKnownFileType = sourcecode.swift; path = WebService.swift; sourceTree = "<group>"; };
		A0E9884E21A2E78F0062BBA7 /* FilmDetail.swift */ = {isa = PBXFileReference; fileEncoding = 4; lastKnownFileType = sourcecode.swift; name = FilmDetail.swift; path = "../../Scroll View/Scroll View/FilmDetail.swift"; sourceTree = "<group>"; };
		A0E9885021A2E8F40062BBA7 /* CompaniesCell.swift */ = {isa = PBXFileReference; fileEncoding = 4; lastKnownFileType = sourcecode.swift; path = CompaniesCell.swift; sourceTree = "<group>"; };
		A0F6B30521920A1200DC15C4 /* Web Service Mapper.app */ = {isa = PBXFileReference; explicitFileType = wrapper.application; includeInIndex = 0; path = "Web Service Mapper.app"; sourceTree = BUILT_PRODUCTS_DIR; };
		A0F6B30821920A1200DC15C4 /* AppDelegate.swift */ = {isa = PBXFileReference; lastKnownFileType = sourcecode.swift; path = AppDelegate.swift; sourceTree = "<group>"; };
		A0F6B30D21920A1200DC15C4 /* Base */ = {isa = PBXFileReference; lastKnownFileType = file.storyboard; name = Base; path = Base.lproj/Main.storyboard; sourceTree = "<group>"; };
		A0F6B30F21920A1200DC15C4 /* Assets.xcassets */ = {isa = PBXFileReference; lastKnownFileType = folder.assetcatalog; path = Assets.xcassets; sourceTree = "<group>"; };
		A0F6B31221920A1200DC15C4 /* Base */ = {isa = PBXFileReference; lastKnownFileType = file.storyboard; name = Base; path = Base.lproj/LaunchScreen.storyboard; sourceTree = "<group>"; };
		A0F6B31421920A1200DC15C4 /* Info.plist */ = {isa = PBXFileReference; lastKnownFileType = text.plist.xml; path = Info.plist; sourceTree = "<group>"; };
		A0F6B31C21920A6200DC15C4 /* MovieDTO.swift */ = {isa = PBXFileReference; fileEncoding = 4; lastKnownFileType = sourcecode.swift; name = MovieDTO.swift; path = "../../../Diploma/Web Service Continued/Web Service/MovieDTO.swift"; sourceTree = "<group>"; };
		A0F6B31E21920A7400DC15C4 /* DiscoverMovieResultsDTO.swift */ = {isa = PBXFileReference; fileEncoding = 4; lastKnownFileType = sourcecode.swift; name = DiscoverMovieResultsDTO.swift; path = "../../../Diploma/Web Service Continued/Web Service/DiscoverMovieResultsDTO.swift"; sourceTree = "<group>"; };
		A0F6B32221920A9C00DC15C4 /* FilmMainCell.swift */ = {isa = PBXFileReference; fileEncoding = 4; lastKnownFileType = sourcecode.swift; name = FilmMainCell.swift; path = "../../Web Services 1/Web Services 1/FilmMainCell.swift"; sourceTree = "<group>"; };
/* End PBXFileReference section */

/* Begin PBXFrameworksBuildPhase section */
		A0F6B30221920A1200DC15C4 /* Frameworks */ = {
			isa = PBXFrameworksBuildPhase;
			buildActionMask = 2147483647;
			files = (
				BC09C556331BBF063E3E2F8D /* Pods_Web_Service_Mapper.framework in Frameworks */,
			);
			runOnlyForDeploymentPostprocessing = 0;
		};
/* End PBXFrameworksBuildPhase section */

/* Begin PBXGroup section */
		5B96699AF8037910A1D1BE35 /* Pods */ = {
			isa = PBXGroup;
			children = (
				558B51AC4DB67997E91519C9 /* Pods-Web Service Mapper.debug.xcconfig */,
				9D173DAE8885D75F17FC2019 /* Pods-Web Service Mapper.release.xcconfig */,
			);
			name = Pods;
			sourceTree = "<group>";
		};
		A0F6B2FC21920A1200DC15C4 = {
			isa = PBXGroup;
			children = (
				A0F6B30721920A1200DC15C4 /* Web Service Mapper */,
				A0F6B30621920A1200DC15C4 /* Products */,
				5B96699AF8037910A1D1BE35 /* Pods */,
				E3EACF5C9C0EC11E73E4B216 /* Frameworks */,
			);
			sourceTree = "<group>";
		};
		A0F6B30621920A1200DC15C4 /* Products */ = {
			isa = PBXGroup;
			children = (
				A0F6B30521920A1200DC15C4 /* Web Service Mapper.app */,
			);
			name = Products;
			sourceTree = "<group>";
		};
		A0F6B30721920A1200DC15C4 /* Web Service Mapper */ = {
			isa = PBXGroup;
			children = (
				A0F6B30821920A1200DC15C4 /* AppDelegate.swift */,
				A0F6B30C21920A1200DC15C4 /* Main.storyboard */,
				A0BDC71D21A08B6500ABCE6B /* ViewController.swift */,
				A0E9884E21A2E78F0062BBA7 /* FilmDetail.swift */,
				A0BDC71F21A08B9E00ABCE6B /* WebService.swift */,
				A0A223E921A41A2A0084264B /* MovieInfoDTO.swift */,
				A0A223EB21A41BD70084264B /* GenresDTO.swift */,
				A0A223E721A411790084264B /* ProductionCompaniesDTO.swift */,
				A0F6B31E21920A7400DC15C4 /* DiscoverMovieResultsDTO.swift */,
				A0F6B31C21920A6200DC15C4 /* MovieDTO.swift */,
				A0F6B32221920A9C00DC15C4 /* FilmMainCell.swift */,
				A0E9885021A2E8F40062BBA7 /* CompaniesCell.swift */,
				A0F6B30F21920A1200DC15C4 /* Assets.xcassets */,
				A0F6B31121920A1200DC15C4 /* LaunchScreen.storyboard */,
				A0F6B31421920A1200DC15C4 /* Info.plist */,
			);
			path = "Web Service Mapper";
			sourceTree = "<group>";
		};
		E3EACF5C9C0EC11E73E4B216 /* Frameworks */ = {
			isa = PBXGroup;
			children = (
				3F94CBC5A02C52F16CBF4662 /* Pods_Web_Service_Mapper.framework */,
			);
			name = Frameworks;
			sourceTree = "<group>";
		};
/* End PBXGroup section */

/* Begin PBXNativeTarget section */
		A0F6B30421920A1200DC15C4 /* Web Service Mapper */ = {
			isa = PBXNativeTarget;
			buildConfigurationList = A0F6B31721920A1200DC15C4 /* Build configuration list for PBXNativeTarget "Web Service Mapper" */;
			buildPhases = (
				80ED3BABC1ADD4776F60FA78 /* [CP] Check Pods Manifest.lock */,
				A0F6B30121920A1200DC15C4 /* Sources */,
				A0F6B30221920A1200DC15C4 /* Frameworks */,
				A0F6B30321920A1200DC15C4 /* Resources */,
				B658EA51457DF67AB44F4619 /* [CP] Embed Pods Frameworks */,
			);
			buildRules = (
			);
			dependencies = (
			);
			name = "Web Service Mapper";
			productName = "Web Service Mapper";
			productReference = A0F6B30521920A1200DC15C4 /* Web Service Mapper.app */;
			productType = "com.apple.product-type.application";
		};
/* End PBXNativeTarget section */

/* Begin PBXProject section */
		A0F6B2FD21920A1200DC15C4 /* Project object */ = {
			isa = PBXProject;
			attributes = {
				LastSwiftUpdateCheck = 0910;
				LastUpgradeCheck = 0910;
				ORGANIZATIONNAME = Michael.Magdy;
				TargetAttributes = {
					A0F6B30421920A1200DC15C4 = {
						CreatedOnToolsVersion = 9.1;
						ProvisioningStyle = Automatic;
					};
				};
			};
			buildConfigurationList = A0F6B30021920A1200DC15C4 /* Build configuration list for PBXProject "Web Service Mapper" */;
			compatibilityVersion = "Xcode 8.0";
			developmentRegion = en;
			hasScannedForEncodings = 0;
			knownRegions = (
				en,
				Base,
			);
			mainGroup = A0F6B2FC21920A1200DC15C4;
			productRefGroup = A0F6B30621920A1200DC15C4 /* Products */;
			projectDirPath = "";
			projectRoot = "";
			targets = (
				A0F6B30421920A1200DC15C4 /* Web Service Mapper */,
			);
		};
/* End PBXProject section */

/* Begin PBXResourcesBuildPhase section */
		A0F6B30321920A1200DC15C4 /* Resources */ = {
			isa = PBXResourcesBuildPhase;
			buildActionMask = 2147483647;
			files = (
				A0F6B31321920A1200DC15C4 /* LaunchScreen.storyboard in Resources */,
				A0F6B31021920A1200DC15C4 /* Assets.xcassets in Resources */,
				A0F6B30E21920A1200DC15C4 /* Main.storyboard in Resources */,
			);
			runOnlyForDeploymentPostprocessing = 0;
		};
/* End PBXResourcesBuildPhase section */

/* Begin PBXShellScriptBuildPhase section */
		80ED3BABC1ADD4776F60FA78 /* [CP] Check Pods Manifest.lock */ = {
			isa = PBXShellScriptBuildPhase;
			buildActionMask = 2147483647;
			files = (
			);
			inputPaths = (
				"${PODS_PODFILE_DIR_PATH}/Podfile.lock",
				"${PODS_ROOT}/Manifest.lock",
			);
			name = "[CP] Check Pods Manifest.lock";
			outputPaths = (
				"$(DERIVED_FILE_DIR)/Pods-Web Service Mapper-checkManifestLockResult.txt",
			);
			runOnlyForDeploymentPostprocessing = 0;
			shellPath = /bin/sh;
			shellScript = "diff \"${PODS_PODFILE_DIR_PATH}/Podfile.lock\" \"${PODS_ROOT}/Manifest.lock\" > /dev/null\nif [ $? != 0 ] ; then\n    # print error to STDERR\n    echo \"error: The sandbox is not in sync with the Podfile.lock. Run 'pod install' or update your CocoaPods installation.\" >&2\n    exit 1\nfi\n# This output is used by Xcode 'outputs' to avoid re-running this script phase.\necho \"SUCCESS\" > \"${SCRIPT_OUTPUT_FILE_0}\"\n";
			showEnvVarsInLog = 0;
		};
		B658EA51457DF67AB44F4619 /* [CP] Embed Pods Frameworks */ = {
			isa = PBXShellScriptBuildPhase;
			buildActionMask = 2147483647;
			files = (
			);
			inputPaths = (
				"${SRCROOT}/Pods/Target Support Files/Pods-Web Service Mapper/Pods-Web Service Mapper-frameworks.sh",
				"${BUILT_PRODUCTS_DIR}/Alamofire/Alamofire.framework",
				"${BUILT_PRODUCTS_DIR}/AlamofireImage/AlamofireImage.framework",
				"${BUILT_PRODUCTS_DIR}/AlamofireObjectMapper/AlamofireObjectMapper.framework",
				"${BUILT_PRODUCTS_DIR}/ObjectMapper/ObjectMapper.framework",
				"${BUILT_PRODUCTS_DIR}/SDLoader/SDLoader.framework",
			);
			name = "[CP] Embed Pods Frameworks";
			outputPaths = (
				"${TARGET_BUILD_DIR}/${FRAMEWORKS_FOLDER_PATH}/Alamofire.framework",
				"${TARGET_BUILD_DIR}/${FRAMEWORKS_FOLDER_PATH}/AlamofireImage.framework",
				"${TARGET_BUILD_DIR}/${FRAMEWORKS_FOLDER_PATH}/AlamofireObjectMapper.framework",
				"${TARGET_BUILD_DIR}/${FRAMEWORKS_FOLDER_PATH}/ObjectMapper.framework",
				"${TARGET_BUILD_DIR}/${FRAMEWORKS_FOLDER_PATH}/SDLoader.framework",
			);
			runOnlyForDeploymentPostprocessing = 0;
			shellPath = /bin/sh;
			shellScript = "\"${SRCROOT}/Pods/Target Support Files/Pods-Web Service Mapper/Pods-Web Service Mapper-frameworks.sh\"\n";
			showEnvVarsInLog = 0;
		};
/* End PBXShellScriptBuildPhase section */

/* Begin PBXSourcesBuildPhase section */
		A0F6B30121920A1200DC15C4 /* Sources */ = {
			isa = PBXSourcesBuildPhase;
			buildActionMask = 2147483647;
			files = (
				A0BDC72021A08B9F00ABCE6B /* WebService.swift in Sources */,
				A0BDC71E21A08B6500ABCE6B /* ViewController.swift in Sources */,
				A0F6B31F21920A7400DC15C4 /* DiscoverMovieResultsDTO.swift in Sources */,
				A0F6B31D21920A6300DC15C4 /* MovieDTO.swift in Sources */,
				A0F6B32321920A9C00DC15C4 /* FilmMainCell.swift in Sources */,
				A0E9885121A2E8F40062BBA7 /* CompaniesCell.swift in Sources */,
				A0A223E821A411790084264B /* ProductionCompaniesDTO.swift in Sources */,
				A0F6B30921920A1200DC15C4 /* AppDelegate.swift in Sources */,
				A0A223EC21A41BD70084264B /* GenresDTO.swift in Sources */,
				A0A223EA21A41A2A0084264B /* MovieInfoDTO.swift in Sources */,
				A0E9884F21A2E7900062BBA7 /* FilmDetail.swift in Sources */,
			);
			runOnlyForDeploymentPostprocessing = 0;
		};
/* End PBXSourcesBuildPhase section */

/* Begin PBXVariantGroup section */
		A0F6B30C21920A1200DC15C4 /* Main.storyboard */ = {
			isa = PBXVariantGroup;
			children = (
				A0F6B30D21920A1200DC15C4 /* Base */,
			);
			name = Main.storyboard;
			sourceTree = "<group>";
		};
		A0F6B31121920A1200DC15C4 /* LaunchScreen.storyboard */ = {
			isa = PBXVariantGroup;
			children = (
				A0F6B31221920A1200DC15C4 /* Base */,
			);
			name = LaunchScreen.storyboard;
			sourceTree = "<group>";
		};
/* End PBXVariantGroup section */

/* Begin XCBuildConfiguration section */
		A0F6B31521920A1200DC15C4 /* Debug */ = {
			isa = XCBuildConfiguration;
			buildSettings = {
				ALWAYS_SEARCH_USER_PATHS = NO;
				CLANG_ANALYZER_NONNULL = YES;
				CLANG_ANALYZER_NUMBER_OBJECT_CONVERSION = YES_AGGRESSIVE;
				CLANG_CXX_LANGUAGE_STANDARD = "gnu++14";
				CLANG_CXX_LIBRARY = "libc++";
				CLANG_ENABLE_MODULES = YES;
				CLANG_ENABLE_OBJC_ARC = YES;
				CLANG_WARN_BLOCK_CAPTURE_AUTORELEASING = YES;
				CLANG_WARN_BOOL_CONVERSION = YES;
				CLANG_WARN_COMMA = YES;
				CLANG_WARN_CONSTANT_CONVERSION = YES;
				CLANG_WARN_DIRECT_OBJC_ISA_USAGE = YES_ERROR;
				CLANG_WARN_DOCUMENTATION_COMMENTS = YES;
				CLANG_WARN_EMPTY_BODY = YES;
				CLANG_WARN_ENUM_CONVERSION = YES;
				CLANG_WARN_INFINITE_RECURSION = YES;
				CLANG_WARN_INT_CONVERSION = YES;
				CLANG_WARN_NON_LITERAL_NULL_CONVERSION = YES;
				CLANG_WARN_OBJC_LITERAL_CONVERSION = YES;
				CLANG_WARN_OBJC_ROOT_CLASS = YES_ERROR;
				CLANG_WARN_RANGE_LOOP_ANALYSIS = YES;
				CLANG_WARN_STRICT_PROTOTYPES = YES;
				CLANG_WARN_SUSPICIOUS_MOVE = YES;
				CLANG_WARN_UNGUARDED_AVAILABILITY = YES_AGGRESSIVE;
				CLANG_WARN_UNREACHABLE_CODE = YES;
				CLANG_WARN__DUPLICATE_METHOD_MATCH = YES;
				CODE_SIGN_IDENTITY = "iPhone Developer";
				COPY_PHASE_STRIP = NO;
				DEBUG_INFORMATION_FORMAT = dwarf;
				ENABLE_STRICT_OBJC_MSGSEND = YES;
				ENABLE_TESTABILITY = YES;
				GCC_C_LANGUAGE_STANDARD = gnu11;
				GCC_DYNAMIC_NO_PIC = NO;
				GCC_NO_COMMON_BLOCKS = YES;
				GCC_OPTIMIZATION_LEVEL = 0;
				GCC_PREPROCESSOR_DEFINITIONS = (
					"DEBUG=1",
					"$(inherited)",
				);
				GCC_WARN_64_TO_32_BIT_CONVERSION = YES;
				GCC_WARN_ABOUT_RETURN_TYPE = YES_ERROR;
				GCC_WARN_UNDECLARED_SELECTOR = YES;
				GCC_WARN_UNINITIALIZED_AUTOS = YES_AGGRESSIVE;
				GCC_WARN_UNUSED_FUNCTION = YES;
				GCC_WARN_UNUSED_VARIABLE = YES;
				IPHONEOS_DEPLOYMENT_TARGET = 11.1;
				MTL_ENABLE_DEBUG_INFO = YES;
				ONLY_ACTIVE_ARCH = YES;
				SDKROOT = iphoneos;
				SWIFT_ACTIVE_COMPILATION_CONDITIONS = DEBUG;
				SWIFT_OPTIMIZATION_LEVEL = "-Onone";
			};
			name = Debug;
		};
		A0F6B31621920A1200DC15C4 /* Release */ = {
			isa = XCBuildConfiguration;
			buildSettings = {
				ALWAYS_SEARCH_USER_PATHS = NO;
				CLANG_ANALYZER_NONNULL = YES;
				CLANG_ANALYZER_NUMBER_OBJECT_CONVERSION = YES_AGGRESSIVE;
				CLANG_CXX_LANGUAGE_STANDARD = "gnu++14";
				CLANG_CXX_LIBRARY = "libc++";
				CLANG_ENABLE_MODULES = YES;
				CLANG_ENABLE_OBJC_ARC = YES;
				CLANG_WARN_BLOCK_CAPTURE_AUTORELEASING = YES;
				CLANG_WARN_BOOL_CONVERSION = YES;
				CLANG_WARN_COMMA = YES;
				CLANG_WARN_CONSTANT_CONVERSION = YES;
				CLANG_WARN_DIRECT_OBJC_ISA_USAGE = YES_ERROR;
				CLANG_WARN_DOCUMENTATION_COMMENTS = YES;
				CLANG_WARN_EMPTY_BODY = YES;
				CLANG_WARN_ENUM_CONVERSION = YES;
				CLANG_WARN_INFINITE_RECURSION = YES;
				CLANG_WARN_INT_CONVERSION = YES;
				CLANG_WARN_NON_LITERAL_NULL_CONVERSION = YES;
				CLANG_WARN_OBJC_LITERAL_CONVERSION = YES;
				CLANG_WARN_OBJC_ROOT_CLASS = YES_ERROR;
				CLANG_WARN_RANGE_LOOP_ANALYSIS = YES;
				CLANG_WARN_STRICT_PROTOTYPES = YES;
				CLANG_WARN_SUSPICIOUS_MOVE = YES;
				CLANG_WARN_UNGUARDED_AVAILABILITY = YES_AGGRESSIVE;
				CLANG_WARN_UNREACHABLE_CODE = YES;
				CLANG_WARN__DUPLICATE_METHOD_MATCH = YES;
				CODE_SIGN_IDENTITY = "iPhone Developer";
				COPY_PHASE_STRIP = NO;
				DEBUG_INFORMATION_FORMAT = "dwarf-with-dsym";
				ENABLE_NS_ASSERTIONS = NO;
				ENABLE_STRICT_OBJC_MSGSEND = YES;
				GCC_C_LANGUAGE_STANDARD = gnu11;
				GCC_NO_COMMON_BLOCKS = YES;
				GCC_WARN_64_TO_32_BIT_CONVERSION = YES;
				GCC_WARN_ABOUT_RETURN_TYPE = YES_ERROR;
				GCC_WARN_UNDECLARED_SELECTOR = YES;
				GCC_WARN_UNINITIALIZED_AUTOS = YES_AGGRESSIVE;
				GCC_WARN_UNUSED_FUNCTION = YES;
				GCC_WARN_UNUSED_VARIABLE = YES;
				IPHONEOS_DEPLOYMENT_TARGET = 11.1;
				MTL_ENABLE_DEBUG_INFO = NO;
				SDKROOT = iphoneos;
				SWIFT_OPTIMIZATION_LEVEL = "-Owholemodule";
				VALIDATE_PRODUCT = YES;
			};
			name = Release;
		};
		A0F6B31821920A1200DC15C4 /* Debug */ = {
			isa = XCBuildConfiguration;
			baseConfigurationReference = 558B51AC4DB67997E91519C9 /* Pods-Web Service Mapper.debug.xcconfig */;
			buildSettings = {
				ASSETCATALOG_COMPILER_APPICON_NAME = AppIcon;
				CODE_SIGN_STYLE = Automatic;
				INFOPLIST_FILE = "Web Service Mapper/Info.plist";
				LD_RUNPATH_SEARCH_PATHS = "$(inherited) @executable_path/Frameworks";
				PRODUCT_BUNDLE_IDENTIFIER = "Protocol-Example.Web-Service-Mapper";
				PRODUCT_NAME = "$(TARGET_NAME)";
				SWIFT_VERSION = 4.0;
				TARGETED_DEVICE_FAMILY = "1,2";
			};
			name = Debug;
		};
		A0F6B31921920A1200DC15C4 /* Release */ = {
			isa = XCBuildConfiguration;
			baseConfigurationReference = 9D173DAE8885D75F17FC2019 /* Pods-Web Service Mapper.release.xcconfig */;
			buildSettings = {
				ASSETCATALOG_COMPILER_APPICON_NAME = AppIcon;
				CODE_SIGN_STYLE = Automatic;
				INFOPLIST_FILE = "Web Service Mapper/Info.plist";
				LD_RUNPATH_SEARCH_PATHS = "$(inherited) @executable_path/Frameworks";
				PRODUCT_BUNDLE_IDENTIFIER = "Protocol-Example.Web-Service-Mapper";
				PRODUCT_NAME = "$(TARGET_NAME)";
				SWIFT_VERSION = 4.0;
				TARGETED_DEVICE_FAMILY = "1,2";
			};
			name = Release;
		};
/* End XCBuildConfiguration section */

/* Begin XCConfigurationList section */
		A0F6B30021920A1200DC15C4 /* Build configuration list for PBXProject "Web Service Mapper" */ = {
			isa = XCConfigurationList;
			buildConfigurations = (
				A0F6B31521920A1200DC15C4 /* Debug */,
				A0F6B31621920A1200DC15C4 /* Release */,
			);
			defaultConfigurationIsVisible = 0;
			defaultConfigurationName = Release;
		};
		A0F6B31721920A1200DC15C4 /* Build configuration list for PBXNativeTarget "Web Service Mapper" */ = {
			isa = XCConfigurationList;
			buildConfigurations = (
				A0F6B31821920A1200DC15C4 /* Debug */,
				A0F6B31921920A1200DC15C4 /* Release */,
			);
			defaultConfigurationIsVisible = 0;
			defaultConfigurationName = Release;
		};
/* End XCConfigurationList section */
	};
	rootObject = A0F6B2FD21920A1200DC15C4 /* Project object */;
}
